
Microsoft Visual Studio Solution File, Format Version 12.00
# Visual Studio Version 17
VisualStudioVersion = 17.6.33815.320
MinimumVisualStudioVersion = 10.0.40219.1
Project("{FAE04EC0-301F-11D3-BF4B-00C04F79EFBC}") = "PokéGotchi", "PokéGotchi.csproj", "{9F6B8438-3E09-4A4C-9365-5A8F9D7FF730}"
EndProject
Global
	GlobalSection(SolutionConfigurationPlatforms) = preSolution
		Debug|Any CPU = Debug|Any CPU
		Release|Any CPU = Release|Any CPU
	EndGlobalSection
	GlobalSection(ProjectConfigurationPlatforms) = postSolution
		{9F6B8438-3E09-4A4C-9365-5A8F9D7FF730}.Debug|Any CPU.ActiveCfg = Debug|Any CPU
		{9F6B8438-3E09-4A4C-9365-5A8F9D7FF730}.Debug|Any CPU.Build.0 = Debug|Any CPU
		{9F6B8438-3E09-4A4C-9365-5A8F9D7FF730}.Release|Any CPU.ActiveCfg = Release|Any CPU
		{9F6B8438-3E09-4A4C-9365-5A8F9D7FF730}.Release|Any CPU.Build.0 = Release|Any CPU
	EndGlobalSection
	GlobalSection(SolutionProperties) = preSolution
		HideSolutionNode = FALSE
	EndGlobalSection
	GlobalSection(ExtensibilityGlobals) = postSolution
		SolutionGuid = {59AAA471-CF4F-4C14-A5B6-C53580548298}
	EndGlobalSection
EndGlobal
